
Microsoft Visual Studio Solution File, Format Version 12.00
# Visual Studio Version 17
VisualStudioVersion = 17.9.34701.34
MinimumVisualStudioVersion = 10.0.40219.1
Project("{FAE04EC0-301F-11D3-BF4B-00C04F79EFBC}") = "RallyAPI", "RallyAPI\RallyAPI.csproj", "{54B5CA5A-2390-4A42-86F8-8E7F98D5F265}"
EndProject
Global
	GlobalSection(SolutionConfigurationPlatforms) = preSolution
		Debug|Any CPU = Debug|Any CPU
		Release|Any CPU = Release|Any CPU
	EndGlobalSection
	GlobalSection(ProjectConfigurationPlatforms) = postSolution
		{54B5CA5A-2390-4A42-86F8-8E7F98D5F265}.Debug|Any CPU.ActiveCfg = Debug|Any CPU
		{54B5CA5A-2390-4A42-86F8-8E7F98D5F265}.Debug|Any CPU.Build.0 = Debug|Any CPU
		{54B5CA5A-2390-4A42-86F8-8E7F98D5F265}.Release|Any CPU.ActiveCfg = Release|Any CPU
		{54B5CA5A-2390-4A42-86F8-8E7F98D5F265}.Release|Any CPU.Build.0 = Release|Any CPU
	EndGlobalSection
	GlobalSection(SolutionProperties) = preSolution
		HideSolutionNode = FALSE
	EndGlobalSection
	GlobalSection(ExtensibilityGlobals) = postSolution
		SolutionGuid = {4886842B-E716-4FFD-81AD-1409C5BE44BA}
	EndGlobalSection
EndGlobal
